// !$*UTF8*$!
{
	archiveVersion = 1;
	classes = {
	};
	objectVersion = 50;
	objects = {

/* Begin PBXBuildFile section */
		FB0DBCFD26D1CC59002D141C /* powerOffAnimation.swift in Sources */ = {isa = PBXBuildFile; fileRef = FB0DBCFC26D1CC59002D141C /* powerOffAnimation.swift */; };
		FB0DBD0126D1E648002D141C /* Color.xcassets in Resources */ = {isa = PBXBuildFile; fileRef = FB0DBD0026D1E648002D141C /* Color.xcassets */; };
		FB32538B26C6902E005F807C /* NetworkInfomationViews.swift in Sources */ = {isa = PBXBuildFile; fileRef = FB32538A26C6902E005F807C /* NetworkInfomationViews.swift */; };
		FB32538D26C69D91005F807C /* directionView.swift in Sources */ = {isa = PBXBuildFile; fileRef = FB32538C26C69D91005F807C /* directionView.swift */; };
		FB32538F26C76D21005F807C /* directionStatus.swift in Sources */ = {isa = PBXBuildFile; fileRef = FB32538E26C76D21005F807C /* directionStatus.swift */; };
		FB32539126C76D4F005F807C /* ResetButton.swift in Sources */ = {isa = PBXBuildFile; fileRef = FB32539026C76D4F005F807C /* ResetButton.swift */; };
		FB32539326C76D5A005F807C /* ShareButton.swift in Sources */ = {isa = PBXBuildFile; fileRef = FB32539226C76D5A005F807C /* ShareButton.swift */; };
		FB32539526C770D4005F807C /* UDPControllerClass.swift in Sources */ = {isa = PBXBuildFile; fileRef = FB32539426C770D4005F807C /* UDPControllerClass.swift */; };
		FB6D3FDE268E0A970079FCFD /* IMUAppApp.swift in Sources */ = {isa = PBXBuildFile; fileRef = FB6D3FDD268E0A970079FCFD /* IMUAppApp.swift */; };
		FB6D3FE0268E0A970079FCFD /* ContentView.swift in Sources */ = {isa = PBXBuildFile; fileRef = FB6D3FDF268E0A970079FCFD /* ContentView.swift */; };
		FB6D3FE2268E0A980079FCFD /* Assets.xcassets in Resources */ = {isa = PBXBuildFile; fileRef = FB6D3FE1268E0A980079FCFD /* Assets.xcassets */; };
		FB6D3FE5268E0A980079FCFD /* Preview Assets.xcassets in Resources */ = {isa = PBXBuildFile; fileRef = FB6D3FE4268E0A980079FCFD /* Preview Assets.xcassets */; };
		FB6D3FED268E0E850079FCFD /* Sensor.swift in Sources */ = {isa = PBXBuildFile; fileRef = FB6D3FEC268E0E850079FCFD /* Sensor.swift */; };
/* End PBXBuildFile section */

/* Begin PBXFileReference section */
		FB0DBCFC26D1CC59002D141C /* powerOffAnimation.swift */ = {isa = PBXFileReference; lastKnownFileType = sourcecode.swift; path = powerOffAnimation.swift; sourceTree = "<group>"; };
		FB0DBD0026D1E648002D141C /* Color.xcassets */ = {isa = PBXFileReference; lastKnownFileType = folder.assetcatalog; path = Color.xcassets; sourceTree = "<group>"; };
		FB32538A26C6902E005F807C /* NetworkInfomationViews.swift */ = {isa = PBXFileReference; lastKnownFileType = sourcecode.swift; path = NetworkInfomationViews.swift; sourceTree = "<group>"; };
		FB32538C26C69D91005F807C /* directionView.swift */ = {isa = PBXFileReference; lastKnownFileType = sourcecode.swift; path = directionView.swift; sourceTree = "<group>"; };
		FB32538E26C76D21005F807C /* directionStatus.swift */ = {isa = PBXFileReference; lastKnownFileType = sourcecode.swift; path = directionStatus.swift; sourceTree = "<group>"; };
		FB32539026C76D4F005F807C /* ResetButton.swift */ = {isa = PBXFileReference; lastKnownFileType = sourcecode.swift; path = ResetButton.swift; sourceTree = "<group>"; };
		FB32539226C76D5A005F807C /* ShareButton.swift */ = {isa = PBXFileReference; lastKnownFileType = sourcecode.swift; path = ShareButton.swift; sourceTree = "<group>"; };
		FB32539426C770D4005F807C /* UDPControllerClass.swift */ = {isa = PBXFileReference; lastKnownFileType = sourcecode.swift; path = UDPControllerClass.swift; sourceTree = "<group>"; };
		FB6D3FDA268E0A970079FCFD /* IMUApp.app */ = {isa = PBXFileReference; explicitFileType = wrapper.application; includeInIndex = 0; path = IMUApp.app; sourceTree = BUILT_PRODUCTS_DIR; };
		FB6D3FDD268E0A970079FCFD /* IMUAppApp.swift */ = {isa = PBXFileReference; lastKnownFileType = sourcecode.swift; path = IMUAppApp.swift; sourceTree = "<group>"; };
		FB6D3FDF268E0A970079FCFD /* ContentView.swift */ = {isa = PBXFileReference; lastKnownFileType = sourcecode.swift; path = ContentView.swift; sourceTree = "<group>"; };
		FB6D3FE1268E0A980079FCFD /* Assets.xcassets */ = {isa = PBXFileReference; lastKnownFileType = folder.assetcatalog; path = Assets.xcassets; sourceTree = "<group>"; };
		FB6D3FE4268E0A980079FCFD /* Preview Assets.xcassets */ = {isa = PBXFileReference; lastKnownFileType = folder.assetcatalog; path = "Preview Assets.xcassets"; sourceTree = "<group>"; };
		FB6D3FE6268E0A980079FCFD /* Info.plist */ = {isa = PBXFileReference; lastKnownFileType = text.plist.xml; path = Info.plist; sourceTree = "<group>"; };
		FB6D3FEC268E0E850079FCFD /* Sensor.swift */ = {isa = PBXFileReference; lastKnownFileType = sourcecode.swift; path = Sensor.swift; sourceTree = "<group>"; };
/* End PBXFileReference section */

/* Begin PBXFrameworksBuildPhase section */
		FB6D3FD7268E0A970079FCFD /* Frameworks */ = {
			isa = PBXFrameworksBuildPhase;
			buildActionMask = 2147483647;
			files = (
			);
			runOnlyForDeploymentPostprocessing = 0;
		};
/* End PBXFrameworksBuildPhase section */

/* Begin PBXGroup section */
		FB6D3FD1268E0A970079FCFD = {
			isa = PBXGroup;
			children = (
				FB6D3FDC268E0A970079FCFD /* IMUApp */,
				FB6D3FDB268E0A970079FCFD /* Products */,
			);
			sourceTree = "<group>";
		};
		FB6D3FDB268E0A970079FCFD /* Products */ = {
			isa = PBXGroup;
			children = (
				FB6D3FDA268E0A970079FCFD /* IMUApp.app */,
			);
			name = Products;
			sourceTree = "<group>";
		};
		FB6D3FDC268E0A970079FCFD /* IMUApp */ = {
			isa = PBXGroup;
			children = (
				FB6D3FDD268E0A970079FCFD /* IMUAppApp.swift */,
				FB6D3FDF268E0A970079FCFD /* ContentView.swift */,
				FB6D3FE1268E0A980079FCFD /* Assets.xcassets */,
				FB6D3FE6268E0A980079FCFD /* Info.plist */,
				FB6D3FE3268E0A980079FCFD /* Preview Content */,
				FB32538A26C6902E005F807C /* NetworkInfomationViews.swift */,
				FB32538C26C69D91005F807C /* directionView.swift */,
				FB32538E26C76D21005F807C /* directionStatus.swift */,
				FB32539026C76D4F005F807C /* ResetButton.swift */,
				FB32539226C76D5A005F807C /* ShareButton.swift */,
				FB6D3FEC268E0E850079FCFD /* Sensor.swift */,
				FB32539426C770D4005F807C /* UDPControllerClass.swift */,
				FB0DBCFC26D1CC59002D141C /* powerOffAnimation.swift */,
				FB0DBD0026D1E648002D141C /* Color.xcassets */,
			);
			path = IMUApp;
			sourceTree = "<group>";
		};
		FB6D3FE3268E0A980079FCFD /* Preview Content */ = {
			isa = PBXGroup;
			children = (
				FB6D3FE4268E0A980079FCFD /* Preview Assets.xcassets */,
			);
			path = "Preview Content";
			sourceTree = "<group>";
		};
/* End PBXGroup section */

/* Begin PBXNativeTarget section */
		FB6D3FD9268E0A970079FCFD /* IMUApp */ = {
			isa = PBXNativeTarget;
			buildConfigurationList = FB6D3FE9268E0A980079FCFD /* Build configuration list for PBXNativeTarget "IMUApp" */;
			buildPhases = (
				FB6D3FD6268E0A970079FCFD /* Sources */,
				FB6D3FD7268E0A970079FCFD /* Frameworks */,
				FB6D3FD8268E0A970079FCFD /* Resources */,
			);
			buildRules = (
			);
			dependencies = (
			);
			name = IMUApp;
			productName = IMUApp;
			productReference = FB6D3FDA268E0A970079FCFD /* IMUApp.app */;
			productType = "com.apple.product-type.application";
		};
/* End PBXNativeTarget section */

/* Begin PBXProject section */
		FB6D3FD2268E0A970079FCFD /* Project object */ = {
			isa = PBXProject;
			attributes = {
				LastSwiftUpdateCheck = 1250;
				LastUpgradeCheck = 1250;
				TargetAttributes = {
					FB6D3FD9268E0A970079FCFD = {
						CreatedOnToolsVersion = 12.5.1;
					};
				};
			};
			buildConfigurationList = FB6D3FD5268E0A970079FCFD /* Build configuration list for PBXProject "IMUApp" */;
			compatibilityVersion = "Xcode 9.3";
			developmentRegion = en;
			hasScannedForEncodings = 0;
			knownRegions = (
				en,
				Base,
			);
			mainGroup = FB6D3FD1268E0A970079FCFD;
			productRefGroup = FB6D3FDB268E0A970079FCFD /* Products */;
			projectDirPath = "";
			projectRoot = "";
			targets = (
				FB6D3FD9268E0A970079FCFD /* IMUApp */,
			);
		};
/* End PBXProject section */

/* Begin PBXResourcesBuildPhase section */
		FB6D3FD8268E0A970079FCFD /* Resources */ = {
			isa = PBXResourcesBuildPhase;
			buildActionMask = 2147483647;
			files = (
				FB6D3FE5268E0A980079FCFD /* Preview Assets.xcassets in Resources */,
				FB6D3FE2268E0A980079FCFD /* Assets.xcassets in Resources */,
				FB0DBD0126D1E648002D141C /* Color.xcassets in Resources */,
			);
			runOnlyForDeploymentPostprocessing = 0;
		};
/* End PBXResourcesBuildPhase section */

/* Begin PBXSourcesBuildPhase section */
		FB6D3FD6268E0A970079FCFD /* Sources */ = {
			isa = PBXSourcesBuildPhase;
			buildActionMask = 2147483647;
			files = (
				FB6D3FE0268E0A970079FCFD /* ContentView.swift in Sources */,
				FB32538F26C76D21005F807C /* directionStatus.swift in Sources */,
				FB32538D26C69D91005F807C /* directionView.swift in Sources */,
				FB32539326C76D5A005F807C /* ShareButton.swift in Sources */,
				FB6D3FED268E0E850079FCFD /* Sensor.swift in Sources */,
				FB32539526C770D4005F807C /* UDPControllerClass.swift in Sources */,
				FB0DBCFD26D1CC59002D141C /* powerOffAnimation.swift in Sources */,
				FB32539126C76D4F005F807C /* ResetButton.swift in Sources */,
				FB6D3FDE268E0A970079FCFD /* IMUAppApp.swift in Sources */,
				FB32538B26C6902E005F807C /* NetworkInfomationViews.swift in Sources */,
			);
			runOnlyForDeploymentPostprocessing = 0;
		};
/* End PBXSourcesBuildPhase section */

/* Begin XCBuildConfiguration section */
		FB6D3FE7268E0A980079FCFD /* Debug */ = {
			isa = XCBuildConfiguration;
			buildSettings = {
				ALWAYS_SEARCH_USER_PATHS = NO;
				CLANG_ANALYZER_NONNULL = YES;
				CLANG_ANALYZER_NUMBER_OBJECT_CONVERSION = YES_AGGRESSIVE;
				CLANG_CXX_LANGUAGE_STANDARD = "gnu++14";
				CLANG_CXX_LIBRARY = "libc++";
				CLANG_ENABLE_MODULES = YES;
				CLANG_ENABLE_OBJC_ARC = YES;
				CLANG_ENABLE_OBJC_WEAK = YES;
				CLANG_WARN_BLOCK_CAPTURE_AUTORELEASING = YES;
				CLANG_WARN_BOOL_CONVERSION = YES;
				CLANG_WARN_COMMA = YES;
				CLANG_WARN_CONSTANT_CONVERSION = YES;
				CLANG_WARN_DEPRECATED_OBJC_IMPLEMENTATIONS = YES;
				CLANG_WARN_DIRECT_OBJC_ISA_USAGE = YES_ERROR;
				CLANG_WARN_DOCUMENTATION_COMMENTS = YES;
				CLANG_WARN_EMPTY_BODY = YES;
				CLANG_WARN_ENUM_CONVERSION = YES;
				CLANG_WARN_INFINITE_RECURSION = YES;
				CLANG_WARN_INT_CONVERSION = YES;
				CLANG_WARN_NON_LITERAL_NULL_CONVERSION = YES;
				CLANG_WARN_OBJC_IMPLICIT_RETAIN_SELF = YES;
				CLANG_WARN_OBJC_LITERAL_CONVERSION = YES;
				CLANG_WARN_OBJC_ROOT_CLASS = YES_ERROR;
				CLANG_WARN_QUOTED_INCLUDE_IN_FRAMEWORK_HEADER = YES;
				CLANG_WARN_RANGE_LOOP_ANALYSIS = YES;
				CLANG_WARN_STRICT_PROTOTYPES = YES;
				CLANG_WARN_SUSPICIOUS_MOVE = YES;
				CLANG_WARN_UNGUARDED_AVAILABILITY = YES_AGGRESSIVE;
				CLANG_WARN_UNREACHABLE_CODE = YES;
				CLANG_WARN__DUPLICATE_METHOD_MATCH = YES;
				COPY_PHASE_STRIP = NO;
				DEBUG_INFORMATION_FORMAT = dwarf;
				ENABLE_STRICT_OBJC_MSGSEND = YES;
				ENABLE_TESTABILITY = YES;
				GCC_C_LANGUAGE_STANDARD = gnu11;
				GCC_DYNAMIC_NO_PIC = NO;
				GCC_NO_COMMON_BLOCKS = YES;
				GCC_OPTIMIZATION_LEVEL = 0;
				GCC_PREPROCESSOR_DEFINITIONS = (
					"DEBUG=1",
					"$(inherited)",
				);
				GCC_WARN_64_TO_32_BIT_CONVERSION = YES;
				GCC_WARN_ABOUT_RETURN_TYPE = YES_ERROR;
				GCC_WARN_UNDECLARED_SELECTOR = YES;
				GCC_WARN_UNINITIALIZED_AUTOS = YES_AGGRESSIVE;
				GCC_WARN_UNUSED_FUNCTION = YES;
				GCC_WARN_UNUSED_VARIABLE = YES;
				IPHONEOS_DEPLOYMENT_TARGET = 15.0;
				MTL_ENABLE_DEBUG_INFO = INCLUDE_SOURCE;
				MTL_FAST_MATH = YES;
				ONLY_ACTIVE_ARCH = YES;
				SDKROOT = iphoneos;
				SWIFT_ACTIVE_COMPILATION_CONDITIONS = DEBUG;
				SWIFT_OPTIMIZATION_LEVEL = "-Onone";
			};
			name = Debug;
		};
		FB6D3FE8268E0A980079FCFD /* Release */ = {
			isa = XCBuildConfiguration;
			buildSettings = {
				ALWAYS_SEARCH_USER_PATHS = NO;
				CLANG_ANALYZER_NONNULL = YES;
				CLANG_ANALYZER_NUMBER_OBJECT_CONVERSION = YES_AGGRESSIVE;
				CLANG_CXX_LANGUAGE_STANDARD = "gnu++14";
				CLANG_CXX_LIBRARY = "libc++";
				CLANG_ENABLE_MODULES = YES;
				CLANG_ENABLE_OBJC_ARC = YES;
				CLANG_ENABLE_OBJC_WEAK = YES;
				CLANG_WARN_BLOCK_CAPTURE_AUTORELEASING = YES;
				CLANG_WARN_BOOL_CONVERSION = YES;
				CLANG_WARN_COMMA = YES;
				CLANG_WARN_CONSTANT_CONVERSION = YES;
				CLANG_WARN_DEPRECATED_OBJC_IMPLEMENTATIONS = YES;
				CLANG_WARN_DIRECT_OBJC_ISA_USAGE = YES_ERROR;
				CLANG_WARN_DOCUMENTATION_COMMENTS = YES;
				CLANG_WARN_EMPTY_BODY = YES;
				CLANG_WARN_ENUM_CONVERSION = YES;
				CLANG_WARN_INFINITE_RECURSION = YES;
				CLANG_WARN_INT_CONVERSION = YES;
				CLANG_WARN_NON_LITERAL_NULL_CONVERSION = YES;
				CLANG_WARN_OBJC_IMPLICIT_RETAIN_SELF = YES;
				CLANG_WARN_OBJC_LITERAL_CONVERSION = YES;
				CLANG_WARN_OBJC_ROOT_CLASS = YES_ERROR;
				CLANG_WARN_QUOTED_INCLUDE_IN_FRAMEWORK_HEADER = YES;
				CLANG_WARN_RANGE_LOOP_ANALYSIS = YES;
				CLANG_WARN_STRICT_PROTOTYPES = YES;
				CLANG_WARN_SUSPICIOUS_MOVE = YES;
				CLANG_WARN_UNGUARDED_AVAILABILITY = YES_AGGRESSIVE;
				CLANG_WARN_UNREACHABLE_CODE = YES;
				CLANG_WARN__DUPLICATE_METHOD_MATCH = YES;
				COPY_PHASE_STRIP = NO;
				DEBUG_INFORMATION_FORMAT = "dwarf-with-dsym";
				ENABLE_NS_ASSERTIONS = NO;
				ENABLE_STRICT_OBJC_MSGSEND = YES;
				GCC_C_LANGUAGE_STANDARD = gnu11;
				GCC_NO_COMMON_BLOCKS = YES;
				GCC_WARN_64_TO_32_BIT_CONVERSION = YES;
				GCC_WARN_ABOUT_RETURN_TYPE = YES_ERROR;
				GCC_WARN_UNDECLARED_SELECTOR = YES;
				GCC_WARN_UNINITIALIZED_AUTOS = YES_AGGRESSIVE;
				GCC_WARN_UNUSED_FUNCTION = YES;
				GCC_WARN_UNUSED_VARIABLE = YES;
				IPHONEOS_DEPLOYMENT_TARGET = 15.0;
				MTL_ENABLE_DEBUG_INFO = NO;
				MTL_FAST_MATH = YES;
				SDKROOT = iphoneos;
				SWIFT_COMPILATION_MODE = wholemodule;
				SWIFT_OPTIMIZATION_LEVEL = "-O";
				VALIDATE_PRODUCT = YES;
			};
			name = Release;
		};
		FB6D3FEA268E0A980079FCFD /* Debug */ = {
			isa = XCBuildConfiguration;
			buildSettings = {
				ASSETCATALOG_COMPILER_APPICON_NAME = "AppIcon-1";
				ASSETCATALOG_COMPILER_GLOBAL_ACCENT_COLOR_NAME = AccentColor;
				CODE_SIGN_IDENTITY = "Apple Development";
				CODE_SIGN_STYLE = Automatic;
				CURRENT_PROJECT_VERSION = 2021.11.6;
				DEVELOPMENT_ASSET_PATHS = "\"IMUApp/Preview Content\"";
				DEVELOPMENT_TEAM = 23W3KFU297;
				ENABLE_PREVIEWS = YES;
				INFOPLIST_FILE = IMUApp/Info.plist;
				IPHONEOS_DEPLOYMENT_TARGET = 15.0;
				LD_RUNPATH_SEARCH_PATHS = (
					"$(inherited)",
					"@executable_path/Frameworks",
				);
				MARKETING_VERSION = 1.3.5;
				PRODUCT_BUNDLE_IDENTIFIER = IMUApp.takano.com;
				PRODUCT_NAME = "$(TARGET_NAME)";
				PROVISIONING_PROFILE_SPECIFIER = "";
				SWIFT_VERSION = 5.0;
				TARGETED_DEVICE_FAMILY = "1,2";
			};
			name = Debug;
		};
		FB6D3FEB268E0A980079FCFD /* Release */ = {
			isa = XCBuildConfiguration;
			buildSettings = {
				ASSETCATALOG_COMPILER_APPICON_NAME = "AppIcon-1";
				ASSETCATALOG_COMPILER_GLOBAL_ACCENT_COLOR_NAME = AccentColor;
				CODE_SIGN_IDENTITY = "Apple Development";
				CODE_SIGN_STYLE = Automatic;
				CURRENT_PROJECT_VERSION = 2021.11.6;
				DEVELOPMENT_ASSET_PATHS = "\"IMUApp/Preview Content\"";
				DEVELOPMENT_TEAM = 23W3KFU297;
				ENABLE_PREVIEWS = YES;
				INFOPLIST_FILE = IMUApp/Info.plist;
				IPHONEOS_DEPLOYMENT_TARGET = 15.0;
				LD_RUNPATH_SEARCH_PATHS = (
					"$(inherited)",
					"@executable_path/Frameworks",
				);
				MARKETING_VERSION = 1.3.5;
				PRODUCT_BUNDLE_IDENTIFIER = IMUApp.takano.com;
				PRODUCT_NAME = "$(TARGET_NAME)";
				PROVISIONING_PROFILE_SPECIFIER = "";
				SWIFT_VERSION = 5.0;
				TARGETED_DEVICE_FAMILY = "1,2";
			};
			name = Release;
		};
/* End XCBuildConfiguration section */

/* Begin XCConfigurationList section */
		FB6D3FD5268E0A970079FCFD /* Build configuration list for PBXProject "IMUApp" */ = {
			isa = XCConfigurationList;
			buildConfigurations = (
				FB6D3FE7268E0A980079FCFD /* Debug */,
				FB6D3FE8268E0A980079FCFD /* Release */,
			);
			defaultConfigurationIsVisible = 0;
			defaultConfigurationName = Release;
		};
		FB6D3FE9268E0A980079FCFD /* Build configuration list for PBXNativeTarget "IMUApp" */ = {
			isa = XCConfigurationList;
			buildConfigurations = (
				FB6D3FEA268E0A980079FCFD /* Debug */,
				FB6D3FEB268E0A980079FCFD /* Release */,
			);
			defaultConfigurationIsVisible = 0;
			defaultConfigurationName = Release;
		};
/* End XCConfigurationList section */
	};
	rootObject = FB6D3FD2268E0A970079FCFD /* Project object */;
}
